<?xml version="1.0" encoding="UTF-8"?>
<CONFIG>
  <ProjectOptions>
    <Version Value="11"/>
    <PathDelim Value="\"/>
    <General>
      <Flags>
        <LRSInOutputDirectory Value="False"/>
      </Flags>
      <MainUnit Value="0"/>
      <Title Value="primi"/>
      <UseAppBundle Value="False"/>
    </General>
    <VersionInfo>
      <UseVersionInfo Value="True"/>
      <AutoIncrementBuild Value="True"/>
      <MajorVersionNr Value="1"/>
      <BuildNr Value="124"/>
      <Language Value="0410"/>
      <StringTable LegalCopyright="claudio duchi"/>
    </VersionInfo>
    <BuildModes Count="3" Active="Release">
      <Item1 Name="default" Default="True"/>
      <Item2 Name="Debug">
        <CompilerOptions>
          <Version Value="11"/>
          <PathDelim Value="\"/>
          <Parsing>
            <Style Value="1"/>
            <SyntaxOptions>
              <CStyleOperator Value="False"/>
              <IncludeAssertionCode Value="True"/>
              <UseAnsiStrings Value="False"/>
            </SyntaxOptions>
          </Parsing>
          <CodeGeneration>
            <Checks>
              <IOChecks Value="True"/>
              <RangeChecks Value="True"/>
              <OverflowChecks Value="True"/>
              <StackChecks Value="True"/>
            </Checks>
            <VerifyObjMethodCallValidity Value="True"/>
            <TargetProcessor Value="pentium"/>
            <TargetCPU Value="i386"/>
            <TargetOS Value="win32"/>
          </CodeGeneration>
          <Linking>
            <Debugging>
              <DebugInfoType Value="dsDwarf2Set"/>
              <UseHeaptrc Value="True"/>
              <TrashVariables Value="True"/>
              <StripSymbols Value="True"/>
              <UseExternalDbgSyms Value="True"/>
            </Debugging>
          </Linking>
        </CompilerOptions>
      </Item2>
      <Item3 Name="Release">
        <CompilerOptions>
          <Version Value="11"/>
          <PathDelim Value="\"/>
          <Parsing>
            <Style Value="1"/>
            <SyntaxOptions>
              <CStyleOperator Value="False"/>
              <UseAnsiStrings Value="False"/>
            </SyntaxOptions>
          </Parsing>
          <CodeGeneration>
            <SmartLinkUnit Value="True"/>
            <TargetProcessor Value="pentiumm"/>
            <TargetCPU Value="i386"/>
            <TargetOS Value="win32"/>
            <Optimizations>
              <OptimizationLevel Value="4"/>
            </Optimizations>
          </CodeGeneration>
          <Linking>
            <Debugging>
              <GenerateDebugInfo Value="False"/>
              <StripSymbols Value="True"/>
            </Debugging>
            <LinkSmart Value="True"/>
          </Linking>
        </CompilerOptions>
      </Item3>
    </BuildModes>
    <PublishOptions>
      <Version Value="2"/>
    </PublishOptions>
    <RunParams>
      <FormatVersion Value="2"/>
      <Modes Count="1">
        <Mode0 Name="default">
          <local>
            <LaunchingApplication PathPlusParams="/usr/X11R6/bin/xterm -T 'Lazarus Run Output' -e $(LazarusDir)/tools/runwait.sh $(TargetCmdLine)"/>
          </local>
        </Mode0>
      </Modes>
    </RunParams>
    <Units Count="11">
      <Unit0>
        <Filename Value="primi.pas"/>
        <IsPartOfProject Value="True"/>
        <CursorPos X="86" Y="23"/>
        <UsageCount Value="58"/>
        <Loaded Value="True"/>
        <LoadedDesigner Value="True"/>
      </Unit0>
      <Unit1>
        <Filename Value="C:\DOCUME~1\claudio\IMPOST~1\Temp\CRIV.PAS"/>
        <UnitName Value="crivello_di_eratostene"/>
        <TopLine Value="24"/>
        <UsageCount Value="10"/>
      </Unit1>
      <Unit2>
        <Filename Value="..\LIST\LISTA.PAS"/>
        <UnitName Value="lista"/>
        <EditorIndex Value="-1"/>
        <CursorPos Y="10"/>
        <UsageCount Value="23"/>
      </Unit2>
      <Unit3>
        <Filename Value="latextab.pas"/>
        <IsPartOfProject Value="True"/>
        <CursorPos X="18" Y="8"/>
        <UsageCount Value="46"/>
      </Unit3>
      <Unit4>
        <Filename Value="cost.pas"/>
        <CursorPos X="33" Y="11"/>
        <UsageCount Value="37"/>
      </Unit4>
      <Unit5>
        <Filename Value="..\LIST\STAMPA.lpi"/>
        <UsageCount Value="10"/>
        <DefaultSyntaxHighlighter Value="XML"/>
      </Unit5>
      <Unit6>
        <Filename Value="..\LIST\STAMPA.PAS"/>
        <UnitName Value="stampa"/>
        <EditorIndex Value="-1"/>
        <CursorPos X="47" Y="10"/>
        <UsageCount Value="19"/>
      </Unit6>
      <Unit7>
        <Filename Value="costanti.pas"/>
        <IsPartOfProject Value="True"/>
        <IsVisibleTab Value="True"/>
        <EditorIndex Value="2"/>
        <CursorPos X="14" Y="12"/>
        <UsageCount Value="28"/>
        <Loaded Value="True"/>
      </Unit7>
      <Unit8>
        <Filename Value="..\eratostene\ERATOSTE.PAS"/>
        <EditorIndex Value="1"/>
        <UsageCount Value="11"/>
        <Loaded Value="True"/>
      </Unit8>
      <Unit9>
        <Filename Value="C:\lazarus\components\PascalScript\Source\uPSPreProcessor.pas"/>
        <EditorIndex Value="-1"/>
        <TopLine Value="172"/>
        <UsageCount Value="10"/>
      </Unit9>
      <Unit10>
        <Filename Value="C:\lazarus\components\lazutils\integerlist.pas"/>
        <UnitName Value="IntegerList"/>
        <EditorIndex Value="-1"/>
        <TopLine Value="116"/>
        <UsageCount Value="10"/>
      </Unit10>
    </Units>
    <JumpHistory Count="1" HistoryIndex="-1">
      <Position1>
        <Filename Value="costanti.pas"/>
        <Caret Line="12" Column="14"/>
      </Position1>
    </JumpHistory>
  </ProjectOptions>
  <CompilerOptions>
    <Version Value="11"/>
    <PathDelim Value="\"/>
    <Parsing>
      <Style Value="1"/>
      <SyntaxOptions>
        <CStyleOperator Value="False"/>
        <UseAnsiStrings Value="False"/>
      </SyntaxOptions>
    </Parsing>
    <CodeGeneration>
      <SmartLinkUnit Value="True"/>
      <TargetProcessor Value="pentium"/>
      <TargetCPU Value="i386"/>
      <TargetOS Value="win32"/>
      <Optimizations>
        <OptimizationLevel Value="3"/>
      </Optimizations>
    </CodeGeneration>
    <Linking>
      <Debugging>
        <StripSymbols Value="True"/>
      </Debugging>
      <LinkSmart Value="True"/>
    </Linking>
  </CompilerOptions>
  <Debugging>
    <Exceptions Count="2">
      <Item1>
        <Name Value="ECodetoolError"/>
      </Item1>
      <Item2>
        <Name Value="EFOpenError"/>
      </Item2>
    </Exceptions>
  </Debugging>
</CONFIG>
